# This file is autogenerated, do not edit; changes may be undone by the next 'dep ensure'.


[[projects]]
  name = "github.com/go-sql-driver/mysql"
  packages = ["."]
  revision = "a0583e0143b1624142adab07e0e97fe106d99561"
  version = "v1.3"

[[projects]]
  branch = "master"
  name = "github.com/lestrrat/go-tcputil"
  packages = ["."]
  revision = "3cae7c8432aeb817399f001e0db3f5bb04e8b8a6"

[[projects]]
  branch = "master"
  name = "github.com/lestrrat/go-test-mysqld"
  packages = ["."]
  revision = "efcad5e3def274f89483d96eec81e48f683ecd6e"

[[projects]]
  name = "github.com/mattn/go-shellwords"
  packages = ["."]
  revision = "02e3cf038dcea8290e44424da473dd12be796a8a"
  version = "v1.0.3"

[[projects]]
  name = "github.com/pkg/errors"
  packages = ["."]
  revision = "645ef00459ed84a119197bfb8d8205042c6df63d"
  version = "v0.8.0"

[[projects]]
  branch = "master"
  name = "github.com/shogo82148/go-tap"
  packages = ["."]
  revision = "2b63f1efc5294fe175b166032d8d5a07c1bdf989"

[[projects]]
  branch = "master"
  name = "github.com/soh335/sliceflag"
  packages = ["."]
  revision = "d2d28a5acab8b2ad159a74b65288bf1218e43340"

[solve-meta]
  analyzer-name = "dep"
  analyzer-version = 1
  inputs-digest = "ece4969464acaac73dfd267e3530ecb2caa1e8584c0b90818009207ea95e36a2"
  solver-name = "gps-cdcl"
  solver-version = 1
